
Microsoft Visual Studio Solution File, Format Version 12.00
# Visual Studio Version 16
VisualStudioVersion = 16.0.30011.22
MinimumVisualStudioVersion = 10.0.40219.1
Project("{FAE04EC0-301F-11D3-BF4B-00C04F79EFBC}") = "Taskbar.FlashKiller", "Taskbar.FlashKiller\Taskbar.FlashKiller.csproj", "{F5AE0998-BDFC-48F7-8047-C2AF48763696}"
EndProject
Project("{FAE04EC0-301F-11D3-BF4B-00C04F79EFBC}") = "Taskbar.FlashTest", "Taskbar.FlashTest\Taskbar.FlashTest.csproj", "{92C8B3FF-2F64-427D-89E0-329519E9856E}"
EndProject
Project("{FAE04EC0-301F-11D3-BF4B-00C04F79EFBC}") = "Taskbar.FlashMethods", "Taskbar.FlashMethods\Taskbar.FlashMethods.csproj", "{7D8D5557-1C73-4E75-B221-C678F4CC02EF}"
EndProject
Global
	GlobalSection(SolutionConfigurationPlatforms) = preSolution
		Debug|Any CPU = Debug|Any CPU
		Release|Any CPU = Release|Any CPU
	EndGlobalSection
	GlobalSection(ProjectConfigurationPlatforms) = postSolution
		{F5AE0998-BDFC-48F7-8047-C2AF48763696}.Debug|Any CPU.ActiveCfg = Debug|Any CPU
		{F5AE0998-BDFC-48F7-8047-C2AF48763696}.Debug|Any CPU.Build.0 = Debug|Any CPU
		{F5AE0998-BDFC-48F7-8047-C2AF48763696}.Release|Any CPU.ActiveCfg = Release|Any CPU
		{F5AE0998-BDFC-48F7-8047-C2AF48763696}.Release|Any CPU.Build.0 = Release|Any CPU
		{92C8B3FF-2F64-427D-89E0-329519E9856E}.Debug|Any CPU.ActiveCfg = Debug|Any CPU
		{92C8B3FF-2F64-427D-89E0-329519E9856E}.Debug|Any CPU.Build.0 = Debug|Any CPU
		{92C8B3FF-2F64-427D-89E0-329519E9856E}.Release|Any CPU.ActiveCfg = Release|Any CPU
		{92C8B3FF-2F64-427D-89E0-329519E9856E}.Release|Any CPU.Build.0 = Release|Any CPU
		{7D8D5557-1C73-4E75-B221-C678F4CC02EF}.Debug|Any CPU.ActiveCfg = Debug|Any CPU
		{7D8D5557-1C73-4E75-B221-C678F4CC02EF}.Debug|Any CPU.Build.0 = Debug|Any CPU
		{7D8D5557-1C73-4E75-B221-C678F4CC02EF}.Release|Any CPU.ActiveCfg = Release|Any CPU
		{7D8D5557-1C73-4E75-B221-C678F4CC02EF}.Release|Any CPU.Build.0 = Release|Any CPU
	EndGlobalSection
	GlobalSection(SolutionProperties) = preSolution
		HideSolutionNode = FALSE
	EndGlobalSection
	GlobalSection(ExtensibilityGlobals) = postSolution
		SolutionGuid = {C1190537-1DDF-4FFA-B243-11402A90E191}
	EndGlobalSection
EndGlobal
